Microsoft Visual Studio Solution File, Format Version 11.00
# Visual Studio 2008

Project("{CFA7EF63-5ACF-5907-BB04-2A0F1FE17BE5}") = "Final-3d-master", "Assembly-CSharp-firstpass.csproj", "{A0A5E2F7-2304-F867-795B-D9E18E18C328}"
EndProject
Project("{CFA7EF63-5ACF-5907-BB04-2A0F1FE17BE5}") = "Final-3d-master", "Assembly-CSharp.csproj", "{E6AB18CC-06FE-8E27-1E72-E0013D2B08A6}"
EndProject
Project("{CFA7EF63-5ACF-5907-BB04-2A0F1FE17BE5}") = "Final-3d-master", "Assembly-CSharp-Editor.csproj", "{730210B0-A7AC-92DD-0281-3FF974A5EA94}"
EndProject
Project("{CFA7EF63-5ACF-5907-BB04-2A0F1FE17BE5}") = "Final-3d-master", "Assembly-UnityScript.unityproj", "{482BF360-FBD4-99E2-ABB6-6D9ADEC41530}"
EndProject
Global
	GlobalSection(SolutionConfigurationPlatforms) = preSolution
		Debug|Any CPU = Debug|Any CPU
		Release|Any CPU = Release|Any CPU
	EndGlobalSection
	GlobalSection(ProjectConfigurationPlatforms) = postSolution
		{A0A5E2F7-2304-F867-795B-D9E18E18C328}.Debug|Any CPU.ActiveCfg = Debug|Any CPU
		{A0A5E2F7-2304-F867-795B-D9E18E18C328}.Debug|Any CPU.Build.0 = Debug|Any CPU
		{A0A5E2F7-2304-F867-795B-D9E18E18C328}.Release|Any CPU.ActiveCfg = Release|Any CPU
		{A0A5E2F7-2304-F867-795B-D9E18E18C328}.Release|Any CPU.Build.0 = Release|Any CPU
		{E6AB18CC-06FE-8E27-1E72-E0013D2B08A6}.Debug|Any CPU.ActiveCfg = Debug|Any CPU
		{E6AB18CC-06FE-8E27-1E72-E0013D2B08A6}.Debug|Any CPU.Build.0 = Debug|Any CPU
		{E6AB18CC-06FE-8E27-1E72-E0013D2B08A6}.Release|Any CPU.ActiveCfg = Release|Any CPU
		{E6AB18CC-06FE-8E27-1E72-E0013D2B08A6}.Release|Any CPU.Build.0 = Release|Any CPU
		{730210B0-A7AC-92DD-0281-3FF974A5EA94}.Debug|Any CPU.ActiveCfg = Debug|Any CPU
		{730210B0-A7AC-92DD-0281-3FF974A5EA94}.Debug|Any CPU.Build.0 = Debug|Any CPU
		{730210B0-A7AC-92DD-0281-3FF974A5EA94}.Release|Any CPU.ActiveCfg = Release|Any CPU
		{730210B0-A7AC-92DD-0281-3FF974A5EA94}.Release|Any CPU.Build.0 = Release|Any CPU
		{482BF360-FBD4-99E2-ABB6-6D9ADEC41530}.Debug|Any CPU.ActiveCfg = Debug|Any CPU
		{482BF360-FBD4-99E2-ABB6-6D9ADEC41530}.Debug|Any CPU.Build.0 = Debug|Any CPU
		{482BF360-FBD4-99E2-ABB6-6D9ADEC41530}.Release|Any CPU.ActiveCfg = Release|Any CPU
		{482BF360-FBD4-99E2-ABB6-6D9ADEC41530}.Release|Any CPU.Build.0 = Release|Any CPU
	EndGlobalSection
	GlobalSection(SolutionProperties) = preSolution
		HideSolutionNode = FALSE
	EndGlobalSection
			GlobalSection(MonoDevelopProperties) = preSolution
		StartupItem = Assembly-CSharp.csproj
		Policies = $0
		$0.TextStylePolicy = $1
		$1.inheritsSet = null
		$1.scope = text/x-csharp
		$0.CSharpFormattingPolicy = $2
		$2.inheritsSet = Mono
		$2.inheritsScope = text/x-csharp
		$2.scope = text/x-csharp
		$0.TextStylePolicy = $3
		$3.FileWidth = 120
		$3.TabWidth = 4
		$3.IndentWidth = 4
		$3.EolMarker = Unix
		$3.inheritsSet = Mono
		$3.inheritsScope = text/plain
		$3.scope = text/plain
	EndGlobalSection

EndGlobal
